
Microsoft Visual Studio Solution File, Format Version 12.00
# Visual Studio Version 16
VisualStudioVersion = 16.0.35229.62
MinimumVisualStudioVersion = 10.0.40219.1
Project("{FAE04EC0-301F-11D3-BF4B-00C04F79EFBC}") = "Fisher", "Fisher.csproj", "{AD6A2F74-5957-41E9-AE87-BC80FF2A0439}"
EndProject
Global
	GlobalSection(SolutionConfigurationPlatforms) = preSolution
		Debug|Any CPU = Debug|Any CPU
		Release|Any CPU = Release|Any CPU
	EndGlobalSection
	GlobalSection(ProjectConfigurationPlatforms) = postSolution
		{AD6A2F74-5957-41E9-AE87-BC80FF2A0439}.Debug|Any CPU.ActiveCfg = Debug|Any CPU
		{AD6A2F74-5957-41E9-AE87-BC80FF2A0439}.Debug|Any CPU.Build.0 = Debug|Any CPU
		{AD6A2F74-5957-41E9-AE87-BC80FF2A0439}.Release|Any CPU.ActiveCfg = Release|Any CPU
		{AD6A2F74-5957-41E9-AE87-BC80FF2A0439}.Release|Any CPU.Build.0 = Release|Any CPU
	EndGlobalSection
	GlobalSection(SolutionProperties) = preSolution
		HideSolutionNode = FALSE
	EndGlobalSection
	GlobalSection(ExtensibilityGlobals) = postSolution
		SolutionGuid = {9C1D7F41-0FB7-4F90-9C9E-9B6541F0006A}
	EndGlobalSection
EndGlobal
