
Microsoft Visual Studio Solution File, Format Version 12.00
# Visual Studio Version 16
VisualStudioVersion = 16.0.35229.62
MinimumVisualStudioVersion = 10.0.40219.1
Project("{FAE04EC0-301F-11D3-BF4B-00C04F79EFBC}") = "FinalProject", "FinalProject.csproj", "{76B63FCA-E2EA-4E79-B017-3C85412A6B8A}"
EndProject
Global
	GlobalSection(SolutionConfigurationPlatforms) = preSolution
		Debug|Any CPU = Debug|Any CPU
		Release|Any CPU = Release|Any CPU
	EndGlobalSection
	GlobalSection(ProjectConfigurationPlatforms) = postSolution
		{76B63FCA-E2EA-4E79-B017-3C85412A6B8A}.Debug|Any CPU.ActiveCfg = Debug|Any CPU
		{76B63FCA-E2EA-4E79-B017-3C85412A6B8A}.Debug|Any CPU.Build.0 = Debug|Any CPU
		{76B63FCA-E2EA-4E79-B017-3C85412A6B8A}.Release|Any CPU.ActiveCfg = Release|Any CPU
		{76B63FCA-E2EA-4E79-B017-3C85412A6B8A}.Release|Any CPU.Build.0 = Release|Any CPU
	EndGlobalSection
	GlobalSection(SolutionProperties) = preSolution
		HideSolutionNode = FALSE
	EndGlobalSection
	GlobalSection(ExtensibilityGlobals) = postSolution
		SolutionGuid = {F44D011D-27BC-4244-A45C-128D3D4F19AC}
	EndGlobalSection
EndGlobal
