
Microsoft Visual Studio Solution File, Format Version 12.00
# Visual Studio Version 16
VisualStudioVersion = 16.0.35130.168
MinimumVisualStudioVersion = 10.0.40219.1
Project("{FAE04EC0-301F-11D3-BF4B-00C04F79EFBC}") = "Mailing Label", "Mailing Label.csproj", "{C9615731-34DD-4598-9024-B4AE30FCA10A}"
EndProject
Global
	GlobalSection(SolutionConfigurationPlatforms) = preSolution
		Debug|Any CPU = Debug|Any CPU
		Release|Any CPU = Release|Any CPU
	EndGlobalSection
	GlobalSection(ProjectConfigurationPlatforms) = postSolution
		{C9615731-34DD-4598-9024-B4AE30FCA10A}.Debug|Any CPU.ActiveCfg = Debug|Any CPU
		{C9615731-34DD-4598-9024-B4AE30FCA10A}.Debug|Any CPU.Build.0 = Debug|Any CPU
		{C9615731-34DD-4598-9024-B4AE30FCA10A}.Release|Any CPU.ActiveCfg = Release|Any CPU
		{C9615731-34DD-4598-9024-B4AE30FCA10A}.Release|Any CPU.Build.0 = Release|Any CPU
	EndGlobalSection
	GlobalSection(SolutionProperties) = preSolution
		HideSolutionNode = FALSE
	EndGlobalSection
	GlobalSection(ExtensibilityGlobals) = postSolution
		SolutionGuid = {C2F877BE-368D-486C-8524-5F90C6043A12}
	EndGlobalSection
EndGlobal
