
Microsoft Visual Studio Solution File, Format Version 12.00
# Visual Studio Version 16
VisualStudioVersion = 16.0.35130.168
MinimumVisualStudioVersion = 10.0.40219.1
Project("{FAE04EC0-301F-11D3-BF4B-00C04F79EFBC}") = "Car Rental", "Car Rental.csproj", "{BB717883-124D-45C3-9CC7-024FC3CB6642}"
EndProject
Global
	GlobalSection(SolutionConfigurationPlatforms) = preSolution
		Debug|Any CPU = Debug|Any CPU
		Release|Any CPU = Release|Any CPU
	EndGlobalSection
	GlobalSection(ProjectConfigurationPlatforms) = postSolution
		{BB717883-124D-45C3-9CC7-024FC3CB6642}.Debug|Any CPU.ActiveCfg = Debug|Any CPU
		{BB717883-124D-45C3-9CC7-024FC3CB6642}.Debug|Any CPU.Build.0 = Debug|Any CPU
		{BB717883-124D-45C3-9CC7-024FC3CB6642}.Release|Any CPU.ActiveCfg = Release|Any CPU
		{BB717883-124D-45C3-9CC7-024FC3CB6642}.Release|Any CPU.Build.0 = Release|Any CPU
	EndGlobalSection
	GlobalSection(SolutionProperties) = preSolution
		HideSolutionNode = FALSE
	EndGlobalSection
	GlobalSection(ExtensibilityGlobals) = postSolution
		SolutionGuid = {BE69F018-E9DD-41D8-B6CF-5184336F04FA}
	EndGlobalSection
EndGlobal
