
Microsoft Visual Studio Solution File, Format Version 12.00
# Visual Studio Version 16
VisualStudioVersion = 16.0.35229.62
MinimumVisualStudioVersion = 10.0.40219.1
Project("{FAE04EC0-301F-11D3-BF4B-00C04F79EFBC}") = "BasicAI", "BasicAI.csproj", "{0E35D701-C55E-41CB-8270-991BAAFA0DC0}"
EndProject
Global
	GlobalSection(SolutionConfigurationPlatforms) = preSolution
		Debug|Any CPU = Debug|Any CPU
		Release|Any CPU = Release|Any CPU
	EndGlobalSection
	GlobalSection(ProjectConfigurationPlatforms) = postSolution
		{0E35D701-C55E-41CB-8270-991BAAFA0DC0}.Debug|Any CPU.ActiveCfg = Debug|Any CPU
		{0E35D701-C55E-41CB-8270-991BAAFA0DC0}.Debug|Any CPU.Build.0 = Debug|Any CPU
		{0E35D701-C55E-41CB-8270-991BAAFA0DC0}.Release|Any CPU.ActiveCfg = Release|Any CPU
		{0E35D701-C55E-41CB-8270-991BAAFA0DC0}.Release|Any CPU.Build.0 = Release|Any CPU
	EndGlobalSection
	GlobalSection(SolutionProperties) = preSolution
		HideSolutionNode = FALSE
	EndGlobalSection
	GlobalSection(ExtensibilityGlobals) = postSolution
		SolutionGuid = {7ED486BD-0DE4-4998-87C2-8F07712C565D}
	EndGlobalSection
EndGlobal
